
Microsoft Visual Studio Solution File, Format Version 12.00
# Visual Studio 14
VisualStudioVersion = 14.0.25420.1
MinimumVisualStudioVersion = 10.0.40219.1
Project("{FAE04EC0-301F-11D3-BF4B-00C04F79EFBC}") = "UserApp", "UserApp\UserApp.csproj", "{02BBC75A-6D8B-4D3F-883E-C419C0BEB5A2}"
EndProject
Project("{FAE04EC0-301F-11D3-BF4B-00C04F79EFBC}") = "FootballEngine", "FootballEngine\FootballEngine.csproj", "{11603A52-1F43-48A5-9B41-FF02DA7AC2AD}"
EndProject
Project("{FAE04EC0-301F-11D3-BF4B-00C04F79EFBC}") = "AdminApp", "AdminApp\AdminApp.csproj", "{306F9604-82B0-49E2-A086-B1BEC3D95EE5}"
EndProject
Project("{FAE04EC0-301F-11D3-BF4B-00C04F79EFBC}") = "TestApplication", "TestApplication\TestApplication.csproj", "{D3B2EE71-9597-44B6-BA14-98E653000837}"
EndProject
Project("{FAE04EC0-301F-11D3-BF4B-00C04F79EFBC}") = "FootballEngineTests", "FootballEngineTests\FootballEngineTests.csproj", "{441E0732-41BC-487C-B993-508C50E15AD6}"
EndProject
Project("{FAE04EC0-301F-11D3-BF4B-00C04F79EFBC}") = "AdminAppTests", "AdminAppTests\AdminAppTests.csproj", "{0ECBEC1B-BBBA-4606-91FA-3C4DB2FC4233}"
EndProject
Project("{FAE04EC0-301F-11D3-BF4B-00C04F79EFBC}") = "UserAppTests", "UserAppTests\UserAppTests.csproj", "{CCEA1C81-0554-461F-9172-301FAF87DAA8}"
EndProject
Global
	GlobalSection(SolutionConfigurationPlatforms) = preSolution
		Debug|Any CPU = Debug|Any CPU
		Release|Any CPU = Release|Any CPU
	EndGlobalSection
	GlobalSection(ProjectConfigurationPlatforms) = postSolution
		{02BBC75A-6D8B-4D3F-883E-C419C0BEB5A2}.Debug|Any CPU.ActiveCfg = Debug|Any CPU
		{02BBC75A-6D8B-4D3F-883E-C419C0BEB5A2}.Debug|Any CPU.Build.0 = Debug|Any CPU
		{02BBC75A-6D8B-4D3F-883E-C419C0BEB5A2}.Release|Any CPU.ActiveCfg = Release|Any CPU
		{02BBC75A-6D8B-4D3F-883E-C419C0BEB5A2}.Release|Any CPU.Build.0 = Release|Any CPU
		{11603A52-1F43-48A5-9B41-FF02DA7AC2AD}.Debug|Any CPU.ActiveCfg = Debug|Any CPU
		{11603A52-1F43-48A5-9B41-FF02DA7AC2AD}.Debug|Any CPU.Build.0 = Debug|Any CPU
		{11603A52-1F43-48A5-9B41-FF02DA7AC2AD}.Release|Any CPU.ActiveCfg = Release|Any CPU
		{11603A52-1F43-48A5-9B41-FF02DA7AC2AD}.Release|Any CPU.Build.0 = Release|Any CPU
		{306F9604-82B0-49E2-A086-B1BEC3D95EE5}.Debug|Any CPU.ActiveCfg = Debug|Any CPU
		{306F9604-82B0-49E2-A086-B1BEC3D95EE5}.Debug|Any CPU.Build.0 = Debug|Any CPU
		{306F9604-82B0-49E2-A086-B1BEC3D95EE5}.Release|Any CPU.ActiveCfg = Release|Any CPU
		{306F9604-82B0-49E2-A086-B1BEC3D95EE5}.Release|Any CPU.Build.0 = Release|Any CPU
		{D3B2EE71-9597-44B6-BA14-98E653000837}.Debug|Any CPU.ActiveCfg = Debug|Any CPU
		{D3B2EE71-9597-44B6-BA14-98E653000837}.Debug|Any CPU.Build.0 = Debug|Any CPU
		{D3B2EE71-9597-44B6-BA14-98E653000837}.Release|Any CPU.ActiveCfg = Release|Any CPU
		{D3B2EE71-9597-44B6-BA14-98E653000837}.Release|Any CPU.Build.0 = Release|Any CPU
		{441E0732-41BC-487C-B993-508C50E15AD6}.Debug|Any CPU.ActiveCfg = Debug|Any CPU
		{441E0732-41BC-487C-B993-508C50E15AD6}.Debug|Any CPU.Build.0 = Debug|Any CPU
		{441E0732-41BC-487C-B993-508C50E15AD6}.Release|Any CPU.ActiveCfg = Release|Any CPU
		{441E0732-41BC-487C-B993-508C50E15AD6}.Release|Any CPU.Build.0 = Release|Any CPU
		{0ECBEC1B-BBBA-4606-91FA-3C4DB2FC4233}.Debug|Any CPU.ActiveCfg = Debug|Any CPU
		{0ECBEC1B-BBBA-4606-91FA-3C4DB2FC4233}.Debug|Any CPU.Build.0 = Debug|Any CPU
		{0ECBEC1B-BBBA-4606-91FA-3C4DB2FC4233}.Release|Any CPU.ActiveCfg = Release|Any CPU
		{0ECBEC1B-BBBA-4606-91FA-3C4DB2FC4233}.Release|Any CPU.Build.0 = Release|Any CPU
		{CCEA1C81-0554-461F-9172-301FAF87DAA8}.Debug|Any CPU.ActiveCfg = Debug|Any CPU
		{CCEA1C81-0554-461F-9172-301FAF87DAA8}.Debug|Any CPU.Build.0 = Debug|Any CPU
		{CCEA1C81-0554-461F-9172-301FAF87DAA8}.Release|Any CPU.ActiveCfg = Release|Any CPU
		{CCEA1C81-0554-461F-9172-301FAF87DAA8}.Release|Any CPU.Build.0 = Release|Any CPU
	EndGlobalSection
	GlobalSection(SolutionProperties) = preSolution
		HideSolutionNode = FALSE
	EndGlobalSection
EndGlobal
